
Microsoft Visual Studio Solution File, Format Version 12.00
# Visual Studio Version 17
VisualStudioVersion = 17.7.34031.279
MinimumVisualStudioVersion = 10.0.40219.1
Project("{FAE04EC0-301F-11D3-BF4B-00C04F79EFBC}") = "NUMERO 0 A 10", "NUMERO 0 A 10\NUMERO 0 A 10.csproj", "{725E22C2-ECC0-4230-A3E3-02DE440F8A23}"
EndProject
Global
	GlobalSection(SolutionConfigurationPlatforms) = preSolution
		Debug|Any CPU = Debug|Any CPU
		Release|Any CPU = Release|Any CPU
	EndGlobalSection
	GlobalSection(ProjectConfigurationPlatforms) = postSolution
		{725E22C2-ECC0-4230-A3E3-02DE440F8A23}.Debug|Any CPU.ActiveCfg = Debug|Any CPU
		{725E22C2-ECC0-4230-A3E3-02DE440F8A23}.Debug|Any CPU.Build.0 = Debug|Any CPU
		{725E22C2-ECC0-4230-A3E3-02DE440F8A23}.Release|Any CPU.ActiveCfg = Release|Any CPU
		{725E22C2-ECC0-4230-A3E3-02DE440F8A23}.Release|Any CPU.Build.0 = Release|Any CPU
	EndGlobalSection
	GlobalSection(SolutionProperties) = preSolution
		HideSolutionNode = FALSE
	EndGlobalSection
	GlobalSection(ExtensibilityGlobals) = postSolution
		SolutionGuid = {924C1472-4EEE-4D75-8D79-909C906B9671}
	EndGlobalSection
EndGlobal
